dependencies:
  espressif/esp-dsp:
    component_hash: ccfd6c9a7799cf66ee044d0239a0e9304431564495d80b3230083c58291a2a23
    dependencies:
    - name: idf
      require: private
      version: '>=4.2'
    source:
      registry_url: https://components.espressif.com/
      type: service
    version: 1.6.4
  espressif/esp32-camera:
    component_hash: ecb1bf4963bd277e8adc891096b3a9f753175c6a8e667c2a94074fd61426053f
    dependencies: []
    source:
      git: https://github.com/espressif/esp32-camera.git
      path: .
      type: git
    version: 4467667b71f22a4c7db226f24105a9350abe7a05
  espressif/esp_modem:
    component_hash: b541c3f5765d3ba062c0d004b9ca6da6d0af908293421c2dbe046c537fb2a011
    dependencies:
    - name: idf
      require: private
      version: '>=4.1'
    source:
      registry_url: https://components.espressif.com/
      type: service
    version: 1.4.0
  espressif/mdns:
    component_hash: 3ec0af5f6bce310512e90f482388d21cc7c0e99668172d2f895356165fc6f7c5
    dependencies:
    - name: idf
      require: private
      version: '>=5.0'
    source:
      registry_url: https://components.espressif.com/
      type: service
    version: 1.8.2
  idf:
    source:
      type: idf
    version: 5.3.2
  joltwallet/littlefs:
    component_hash: fe3d04a59a4c370408b0e0b69d9096c06371b9ee12ad8e06b9d52ac63ab1570c
    dependencies:
    - name: idf
      require: private
      version: '>=5.0'
    source:
      registry_url: https://components.espressif.com/
      type: service
    version: 1.20.0
direct_dependencies:
- espressif/esp-dsp
- espressif/esp32-camera
- espressif/esp_modem
- espressif/mdns
- idf
- joltwallet/littlefs
manifest_hash: 19577afe4d0814ebd48e390ef61f89d8895fb1edeb7e80b2b520a97a37bafdf2
target: esp32
version: 2.0.0
